# THIS IS AN AUTOGENERATED FILE. DO NOT EDIT THIS FILE DIRECTLY.
# yarn lockfile v1


replicate-api@^0.1.5:
  version "0.1.5"
  resolved "https://registry.yarnpkg.com/replicate-api/-/replicate-api-0.1.5.tgz#8e0f51a43048467efe3289b735a1048c712e55fd"
  integrity sha512-RixINt5inRrtEYe7AxBEUKgzrXHzbm1zJZLOgnAnZXHQIk0uO6HSucpPwbd9TLyLoOtV4KZCLMy9x9fufWd2yQ==

typescript@^4.9.5:
  version "4.9.5"
  resolved "https://registry.yarnpkg.com/typescript/-/typescript-4.9.5.tgz#095979f9bcc0d09da324d58d03ce8f8374cbe65a"
  integrity sha512-1FXk9E2Hm+QzZQ7z+McJiHL4NW1F2EzMu9Nq9i3zAaGqibafqYwCVU6WyWAuyQRRzOlxou8xZSyXLEN8oKj24g==
